# This file is automatically @generated by Cargo.
# It is not intended for manual editing.
version = 4

[[package]]
name = "dvs-ai"
version = "0.1.0"

[[package]]
name = "dvs-app"
version = "0.1.0"

[[package]]
name = "dvs-audio"
version = "0.1.0"

[[package]]
name = "dvs-cache"
version = "0.1.0"

[[package]]
name = "dvs-core"
version = "0.1.0"

[[package]]
name = "dvs-decoder"
version = "0.1.0"

[[package]]
name = "dvs-export"
version = "0.1.0"

[[package]]
name = "dvs-gpu"
version = "0.1.0"

[[package]]
name = "dvs-media"
version = "0.1.0"

[[package]]
name = "dvs-playback"
version = "0.1.0"

[[package]]
name = "dvs-project"
version = "0.1.0"

[[package]]
name = "dvs-render"
version = "0.1.0"

[[package]]
name = "dvs-ui"
version = "0.1.0"
